{
  "name": "translit",
  "version": "1.0.0",
  "lockfileVersion": 3,
  "requires": true,
  "packages": {
    "": {
      "name": "translit",
      "version": "1.0.0",
      "license": "ISC",
      "dependencies": {
        "@naandalist/honocoroko": "^1.4.0"
      }
    },
    "node_modules/@naandalist/honocoroko": {
      "version": "1.4.0",
      "resolved": "https://registry.npmjs.org/@naandalist/honocoroko/-/honocoroko-1.4.0.tgz",
      "integrity": "sha512-pqg69jEUZs41Vdr0AiWkln1bOQH9rtrzbfMCbjOFOJErWlBFb6kCCNYchx8XYf9PoAWwGqIKB+/mET/IoHiCLA==",
      "license": "MIT",
      "engines": {
        "node": ">=18.0.0"
      }
    }
  }
}
